{"1.2.0",
[{<<"cowboy">>,{pkg,<<"cowboy">>,<<"2.18.0">>},1},
 {<<"cowlib">>,{pkg,<<"cowlib">>,<<"2.19.0">>},2},
 {<<"erlydtl">>,{pkg,<<"erlydtl">>,<<"0.14.0">>},1},
 {<<"fs">>,{pkg,<<"fs">>,<<"11.4.1">>},0},
 {<<"jhn_stdlib">>,{pkg,<<"jhn_stdlib">>,<<"5.11.2">>},1},
 {<<"nova">>,{pkg,<<"nova">>,<<"0.15.3">>},0},
 {<<"ranch">>,{pkg,<<"ranch">>,<<"2.2.1">>},2},
 {<<"routing_tree">>,{pkg,<<"routing_tree">>,<<"1.0.11">>},1},
 {<<"thoas">>,{pkg,<<"thoas">>,<<"1.2.1">>},1}]}.
[
{pkg_hash,[
 {<<"cowboy">>, <<"BFF388EB4D6356CB3F88C26E65B515976BF04B401B805D31550C3E60EBA8FE18">>},
 {<<"cowlib">>, <<"C9D11C9D035472E27A740C9F327786C61ED209269B4BE0260D59D3EC07B8949F">>},
 {<<"erlydtl">>, <<"964B2DC84F8C17ACFAA69C59BA129EF26AC45D2BA898C3C6AD9B5BDC8BA13CED">>},
 {<<"fs">>, <<"11FB3153BB2E1DE851B8263BB5698D526894853C73A525EBEB5E69108B2D25CD">>},
 {<<"jhn_stdlib">>, <<"785074F3CA368EAA8E9AF1592BC19AE9EF1F7AF30B2CD6456A6083173A8F5CCB">>},
 {<<"nova">>, <<"E5DB638900796822406947746110A48D48023B7F9345074522D6F59E9E13CF80">>},
 {<<"ranch">>, <<"FC2BB0E800EFBEAB8FF82EB325450B9C08653B14C3F69E8B09BBEA304973105D">>},
 {<<"routing_tree">>, <<"72ACEF2095F0EC804F7AFD07EF781DDE5009425A1CA0A28F0706B1DB334A4812">>},
 {<<"thoas">>, <<"19A25F31177A17E74004D4840F66D791D4298C5738790FA2CC73731EB911F195">>}]},
{pkg_hash_ext,[
 {<<"cowboy">>, <<"62D0B26ABCF455054972B0DA242389C69D5982CE5914AFB8C344517F667B9600">>},
 {<<"cowlib">>, <<"6DC66E3135B229193EA4DCB14294E79520C923D391315C9C962EF0B4BEA72356">>},
 {<<"erlydtl">>, <<"D80EC044CD8F58809C19D29AC5605BE09E955040911B644505E31E9DD8143431">>},
 {<<"fs">>, <<"DD00A61D89EAC01D16D3FC51D5B0EB5F0722EF8E3C1A3A547CD086957F3260A9">>},
 {<<"jhn_stdlib">>, <<"2329CD16DEE46704AAB6184D09508E59DBA31C4D3255271DBB7D34D115ECA508">>},
 {<<"nova">>, <<"95243B184DA37C6B40C15BD2B7531B520C35D9EFB85F8773134DB0A85B587F20">>},
 {<<"ranch">>, <<"55F05CCE20EC2DA1D90DE5D5981AFB93DBFC01325FC7E933189AA5C62F037C24">>},
 {<<"routing_tree">>, <<"85982C7AC502892C5179CD2A591331003BACD2D2A71723640BA7D23F45408E6E">>},
 {<<"thoas">>, <<"E38697EDFFD6E91BD12CEA41B155115282630075C2A727E7A6B2947F5408B86A">>}]}
].
