{"1.2.0",
[{<<"cowboy">>,{pkg,<<"cowboy">>,<<"2.10.0">>},1},
 {<<"cowlib">>,{pkg,<<"cowlib">>,<<"2.12.1">>},2},
 {<<"enotify">>,{pkg,<<"enotify">>,<<"0.1.0">>},0},
 {<<"erlydtl">>,{pkg,<<"erlydtl">>,<<"0.14.0">>},1},
 {<<"jhn_stdlib">>,{pkg,<<"jhn_stdlib">>,<<"3.6.2">>},1},
 {<<"nova">>,{pkg,<<"nova">>,<<"0.9.18">>},0},
 {<<"pmod_transform">>,{pkg,<<"pmod_transform">>,<<"1.1.0">>},1},
 {<<"quickrand">>,{pkg,<<"quickrand">>,<<"2.0.7">>},2},
 {<<"ranch">>,{pkg,<<"ranch">>,<<"1.8.0">>},2},
 {<<"routing_tree">>,{pkg,<<"routing_tree">>,<<"1.0.6">>},1},
 {<<"thoas">>,{pkg,<<"thoas">>,<<"0.2.0">>},0},
 {<<"uuid">>,{pkg,<<"uuid_erl">>,<<"2.0.7">>},1}]}.
[
{pkg_hash,[
 {<<"cowboy">>, <<"FF9FFEFF91DAE4AE270DD975642997AFE2A1179D94B1887863E43F681A203E26">>},
 {<<"cowlib">>, <<"A9FA9A625F1D2025FE6B462CB865881329B5CAFF8F1854D1CBC9F9533F00E1E1">>},
 {<<"enotify">>, <<"F6BF33AA7BC4789D953087E48C6ADBC6D9682B6D67E4BC353C2FDB96C5AC5595">>},
 {<<"erlydtl">>, <<"964B2DC84F8C17ACFAA69C59BA129EF26AC45D2BA898C3C6AD9B5BDC8BA13CED">>},
 {<<"jhn_stdlib">>, <<"DBF19025FB1CCD7BEDCD19DC655A29618AA5943505DFE707C562E25F69C56BAA">>},
 {<<"nova">>, <<"DAD1021E1AC0C313040D20F73E2FDCB2A462880549AAC80CB9AA954122FE7A6A">>},
 {<<"pmod_transform">>, <<"A3A4FA607B947C90410BC459DCA27F6B60D25D1588D568280F7276AC8767E106">>},
 {<<"quickrand">>, <<"D2BD76676A446E6A058D678444B7FDA1387B813710D1AF6D6E29BB92186C8820">>},
 {<<"ranch">>, <<"8C7A100A139FD57F17327B6413E4167AC559FBC04CA7448E9BE9057311597A1D">>},
 {<<"routing_tree">>, <<"D565314CC3170DE52D534ECC77E7EB9146E8B6D6B3FDC17E01F24B8A360B4364">>},
 {<<"thoas">>, <<"4D25BA900A1AAAEE758244C9B69CE0BC44E869ECBAA0817C2E783EE223C02F91">>},
 {<<"uuid">>, <<"B2078D2CC814F53AFA52D36C91E08962C7E7373585C623F4C0EA6DFB04B2AF94">>}]},
{pkg_hash_ext,[
 {<<"cowboy">>, <<"3AFDCCB7183CC6F143CB14D3CF51FA00E53DB9EC80CDCD525482F5E99BC41D6B">>},
 {<<"cowlib">>, <<"163B73F6367A7341B33C794C4E88E7DBFE6498AC42DCD69EF44C5BC5507C8DB0">>},
 {<<"enotify">>, <<"8E48DA763CE15BFD75CC857DDFE5011B03189D597F47BCDD8ACC6FBBE8E6B6F4">>},
 {<<"erlydtl">>, <<"D80EC044CD8F58809C19D29AC5605BE09E955040911B644505E31E9DD8143431">>},
 {<<"jhn_stdlib">>, <<"C6F6AE9BC636B0011ABA7B4DACAFF549C0B5CFB58229EBD09959B77391F6ED47">>},
 {<<"nova">>, <<"6BC29CDDBC6C8EB1C8205674CAF82B3428A72F536E955DB0F9D07C0F257F86CE">>},
 {<<"pmod_transform">>, <<"68C7FF7354C0D837681990D093D367FCC617C32570A1009B8E7ACFF6445499AA">>},
 {<<"quickrand">>, <<"B8ACBF89A224BC217C3070CA8BEBC6EB236DBE7F9767993B274084EA044D35F0">>},
 {<<"ranch">>, <<"49FBCFD3682FAB1F5D109351B61257676DA1A2FDBE295904176D5E521A2DDFE5">>},
 {<<"routing_tree">>, <<"49EADC682FCD8F1061272A77306E334716EAEA24E5F36AF118CB3A21A802BFAE">>},
 {<<"thoas">>, <<"630AAEE57FB3FDE201578E787259E15E788A27733D49DE8DCCE1354DB1885B8D">>},
 {<<"uuid">>, <<"4E4C5CA3461DC47C5E157ED42AA3981A053B7A186792AF972A27B14A9489324E">>}]}
].
